
Microsoft Visual Studio Solution File, Format Version 12.00
# Visual Studio Version 17
VisualStudioVersion = 17.9.34728.123
MinimumVisualStudioVersion = 10.0.40219.1
Project("{8BC9CEB8-8B4A-11D0-8D11-00A0C91BC942}") = "CPLUS-44-1.4", "CPLUS-44-1.4\CPLUS-44-1.4.vcxproj", "{D858CD1B-E7FE-452F-A4CC-841B3C1BD842}"
EndProject
Project("{8BC9CEB8-8B4A-11D0-8D11-00A0C91BC942}") = "CPLUS-44-1.5", "CPLUS-44-1.5\CPLUS-44-1.5.vcxproj", "{B72FF15A-56CD-4F15-B7E1-C01550A636FF}"
EndProject
Project("{8BC9CEB8-8B4A-11D0-8D11-00A0C91BC942}") = "CPLUS-44-1.6", "CPLUS-44-1.6\CPLUS-44-1.6.vcxproj", "{36552365-98D9-4F29-B807-404A4AE6AE99}"
EndProject
Project("{8BC9CEB8-8B4A-11D0-8D11-00A0C91BC942}") = "CPLUS-44-1.7", "CPLUS-44-1.7\CPLUS-44-1.7.vcxproj", "{939D1715-B5C0-4AE1-8521-3D4ADCE5FD94}"
EndProject
Project("{8BC9CEB8-8B4A-11D0-8D11-00A0C91BC942}") = "CPLUS-44-1.10", "CPLUS-44-1.10\CPLUS-44-1.10.vcxproj", "{37B8D4C0-C359-4ACF-97B6-47115E55C634}"
EndProject
Project("{8BC9CEB8-8B4A-11D0-8D11-00A0C91BC942}") = "CPLUS-44-2.4", "CPLUS-44-2.4\CPLUS-44-2.4.vcxproj", "{D5067008-6CDF-49AD-819B-90DB03958B67}"
EndProject
Project("{8BC9CEB8-8B4A-11D0-8D11-00A0C91BC942}") = "CPLUS-44-2.5.2", "CPLUS-44-2.5.2\CPLUS-44-2.5.2.vcxproj", "{C0666053-3FF0-4334-8776-3EBB55B8E7E6}"
EndProject
Project("{8BC9CEB8-8B4A-11D0-8D11-00A0C91BC942}") = "CPLUS-44-2.6.1", "CPLUS-44-2.6.1\CPLUS-44-2.6.1.vcxproj", "{57313F59-AB87-4D66-ADFA-EFEF2264256C}"
EndProject
Project("{8BC9CEB8-8B4A-11D0-8D11-00A0C91BC942}") = "CPLUS-44-2.7.2", "CPLUS-44-2.7.2\CPLUS-44-2.7.2.vcxproj", "{2C12EC2E-F187-4E24-8EA2-883B7E67A52D}"
EndProject
Project("{8BC9CEB8-8B4A-11D0-8D11-00A0C91BC942}") = "CPLUS-44-2.7.3", "CPLUS-44-2.7.3\CPLUS-44-2.7.3.vcxproj", "{8DD639B0-046B-4DFD-A596-698F02216893}"
EndProject
Project("{8BC9CEB8-8B4A-11D0-8D11-00A0C91BC942}") = "CPLUS-44-2.8.1", "CPLUS-44-2.8.1\CPLUS-44-2.8.1.vcxproj", "{EA358C95-588A-4200-BD30-055C2D057AA7}"
EndProject
Project("{8BC9CEB8-8B4A-11D0-8D11-00A0C91BC942}") = "CPLUS-44-2.9.1", "CPLUS-44-2.9.1\CPLUS-44-2.9.1.vcxproj", "{B6E1A6C7-CB70-4651-B57E-75D8E9EC15DB}"
EndProject
Project("{8BC9CEB8-8B4A-11D0-8D11-00A0C91BC942}") = "CPLUS-44-2.10.1", "CPLUS-44-2.10.1\CPLUS-44-2.10.1.vcxproj", "{D6A6E2A2-67C7-436C-8DF9-D0947ABC3F08}"
EndProject
Project("{8BC9CEB8-8B4A-11D0-8D11-00A0C91BC942}") = "CPLUS-44-2.11", "CPLUS-44-2.11\CPLUS-44-2.11.vcxproj", "{5FCEE73C-1C37-423E-AA5C-A4F1E06C6D9D}"
EndProject
Project("{8BC9CEB8-8B4A-11D0-8D11-00A0C91BC942}") = "CPLUS-44-3.7", "CPLUS-44-3.7\CPLUS-44-3.7.vcxproj", "{6E846991-0166-4C74-BD48-55AAAF00A8F7}"
EndProject
Project("{8BC9CEB8-8B4A-11D0-8D11-00A0C91BC942}") = "CPLUS-44-4.2.3", "CPLUS-44-4.2.3\CPLUS-44-4.2.3.vcxproj", "{C116BD40-A86D-47CD-BD78-667EB076C479}"
EndProject
Project("{8BC9CEB8-8B4A-11D0-8D11-00A0C91BC942}") = "CPLUS-44-4.3.1", "CPLUS-44-4.3.1\CPLUS-44-4.3.1.vcxproj", "{7B14D296-AB65-4E8E-A094-FBE0CF224FC9}"
EndProject
Project("{8BC9CEB8-8B4A-11D0-8D11-00A0C91BC942}") = "CPLUS-44-4.3.3", "CPLUS-44-4.3.3\CPLUS-44-4.3.3.vcxproj", "{E72B0183-0C6F-47A6-BC7B-E746A0EB183E}"
EndProject
Project("{8BC9CEB8-8B4A-11D0-8D11-00A0C91BC942}") = "CPLUS-44-4.4", "CPLUS-44-4.4\CPLUS-44-4.4.vcxproj", "{17D65750-F29D-40BC-87FA-89FC6D6A4A91}"
EndProject
Project("{8BC9CEB8-8B4A-11D0-8D11-00A0C91BC942}") = "CPLUS-44-4.6", "CPLUS-44-4.6\CPLUS-44-4.6.vcxproj", "{DFE25D05-FCB4-402E-A5C5-5470AB87AA63}"
EndProject
Project("{8BC9CEB8-8B4A-11D0-8D11-00A0C91BC942}") = "CPLUS-44-4.6.2", "CPLUS-44-4.6.2\CPLUS-44-4.6.2.vcxproj", "{7DE11E4F-EFF8-47C3-BA81-3A3B526D066B}"
EndProject
Project("{8BC9CEB8-8B4A-11D0-8D11-00A0C91BC942}") = "CPLUS-44-4.8.1", "CPLUS-44-4.8.1\CPLUS-44-4.8.1.vcxproj", "{BE7CF3C1-4201-4877-BC6A-A944322CCCE7}"
EndProject
Project("{8BC9CEB8-8B4A-11D0-8D11-00A0C91BC942}") = "CPLUS-44-4.9", "CPLUS-44-4.9\CPLUS-44-4.9.vcxproj", "{9F72190C-441D-4CBC-B74F-26DAAC1DB1C5}"
EndProject
Project("{8BC9CEB8-8B4A-11D0-8D11-00A0C91BC942}") = "CPLUS-44-4.9.1", "CPLUS-44-4.9.1\CPLUS-44-4.9.1.vcxproj", "{1AB8288E-42A1-4744-90DC-7C1811CAE0FC}"
EndProject
Project("{8BC9CEB8-8B4A-11D0-8D11-00A0C91BC942}") = "CPLUS-44-4.9.2", "CPLUS-44-4.9.2\CPLUS-44-4.9.2.vcxproj", "{7396206B-6ED5-465D-94D9-3DF476907EF1}"
EndProject
Project("{8BC9CEB8-8B4A-11D0-8D11-00A0C91BC942}") = "CPLUS-44-4.10", "CPLUS-44-4.10\CPLUS-44-4.10.vcxproj", "{B02C7D91-B62A-4798-BF1E-D4FB6AEE4F78}"
EndProject
Project("{8BC9CEB8-8B4A-11D0-8D11-00A0C91BC942}") = "CPLUS-44-5.2.1", "CPLUS-44-5.2.1\CPLUS-44-5.2.1.vcxproj", "{AC23AD2D-1400-49BC-82DE-A55659AEF50A}"
EndProject
Project("{8BC9CEB8-8B4A-11D0-8D11-00A0C91BC942}") = "CPLUS-44-5.3.1", "CPLUS-44-5.3.1\CPLUS-44-5.3.1.vcxproj", "{BAD271EE-EBB7-4C39-928E-CB93370F733D}"
EndProject
Project("{8BC9CEB8-8B4A-11D0-8D11-00A0C91BC942}") = "CPLUS-44-5.3.2", "CPLUS-44-5.3.2\CPLUS-44-5.3.2.vcxproj", "{E52B9274-6779-4477-9636-204FB1D9DBB5}"
EndProject
Project("{8BC9CEB8-8B4A-11D0-8D11-00A0C91BC942}") = "CPLUS-44-5.3.3", "CPLUS-44-5.3.3\CPLUS-44-5.3.3.vcxproj", "{BB6CAB94-93B8-42B8-BE7F-28790AC4A66B}"
EndProject
Project("{8BC9CEB8-8B4A-11D0-8D11-00A0C91BC942}") = "CPLUS-44-5.4.1", "CPLUS-44-5.4.1\CPLUS-44-5.4.1.vcxproj", "{655237A8-22EA-42C9-80E6-3D39CDB74F6B}"
EndProject
Project("{8BC9CEB8-8B4A-11D0-8D11-00A0C91BC942}") = "CPLUS-44-5.4.2", "CPLUS-44-5.4.2\CPLUS-44-5.4.2.vcxproj", "{AAC10032-A40A-4AF7-AD39-168619A4A198}"
EndProject
Project("{8BC9CEB8-8B4A-11D0-8D11-00A0C91BC942}") = "CPLUS-44-5.5.1", "CPLUS-44-5.5.1\CPLUS-44-5.5.1.vcxproj", "{8A272A6B-6E83-458D-89A6-4A1F423E3FE9}"
EndProject
Project("{8BC9CEB8-8B4A-11D0-8D11-00A0C91BC942}") = "CPLUS-44-5.5.3", "CPLUS-44-5.5.3\CPLUS-44-5.5.3.vcxproj", "{6223B123-BBE1-4958-9781-9182E686D0D7}"
EndProject
Project("{8BC9CEB8-8B4A-11D0-8D11-00A0C91BC942}") = "CPLUS-44-5.6.1", "CPLUS-44-5.6.1\CPLUS-44-5.6.1.vcxproj", "{22E05E99-5782-47E8-887E-2FD8E9E8E95A}"
EndProject
Global
	GlobalSection(SolutionConfigurationPlatforms) = preSolution
		Debug|x64 = Debug|x64
		Debug|x86 = Debug|x86
		Release|x64 = Release|x64
		Release|x86 = Release|x86
	EndGlobalSection
	GlobalSection(ProjectConfigurationPlatforms) = postSolution
		{D858CD1B-E7FE-452F-A4CC-841B3C1BD842}.Debug|x64.ActiveCfg = Debug|x64
		{D858CD1B-E7FE-452F-A4CC-841B3C1BD842}.Debug|x64.Build.0 = Debug|x64
		{D858CD1B-E7FE-452F-A4CC-841B3C1BD842}.Debug|x86.ActiveCfg = Debug|Win32
		{D858CD1B-E7FE-452F-A4CC-841B3C1BD842}.Debug|x86.Build.0 = Debug|Win32
		{D858CD1B-E7FE-452F-A4CC-841B3C1BD842}.Release|x64.ActiveCfg = Release|x64
		{D858CD1B-E7FE-452F-A4CC-841B3C1BD842}.Release|x64.Build.0 = Release|x64
		{D858CD1B-E7FE-452F-A4CC-841B3C1BD842}.Release|x86.ActiveCfg = Release|Win32
		{D858CD1B-E7FE-452F-A4CC-841B3C1BD842}.Release|x86.Build.0 = Release|Win32
		{B72FF15A-56CD-4F15-B7E1-C01550A636FF}.Debug|x64.ActiveCfg = Debug|x64
		{B72FF15A-56CD-4F15-B7E1-C01550A636FF}.Debug|x64.Build.0 = Debug|x64
		{B72FF15A-56CD-4F15-B7E1-C01550A636FF}.Debug|x86.ActiveCfg = Debug|Win32
		{B72FF15A-56CD-4F15-B7E1-C01550A636FF}.Debug|x86.Build.0 = Debug|Win32
		{B72FF15A-56CD-4F15-B7E1-C01550A636FF}.Release|x64.ActiveCfg = Release|x64
		{B72FF15A-56CD-4F15-B7E1-C01550A636FF}.Release|x64.Build.0 = Release|x64
		{B72FF15A-56CD-4F15-B7E1-C01550A636FF}.Release|x86.ActiveCfg = Release|Win32
		{B72FF15A-56CD-4F15-B7E1-C01550A636FF}.Release|x86.Build.0 = Release|Win32
		{36552365-98D9-4F29-B807-404A4AE6AE99}.Debug|x64.ActiveCfg = Debug|x64
		{36552365-98D9-4F29-B807-404A4AE6AE99}.Debug|x64.Build.0 = Debug|x64
		{36552365-98D9-4F29-B807-404A4AE6AE99}.Debug|x86.ActiveCfg = Debug|Win32
		{36552365-98D9-4F29-B807-404A4AE6AE99}.Debug|x86.Build.0 = Debug|Win32
		{36552365-98D9-4F29-B807-404A4AE6AE99}.Release|x64.ActiveCfg = Release|x64
		{36552365-98D9-4F29-B807-404A4AE6AE99}.Release|x64.Build.0 = Release|x64
		{36552365-98D9-4F29-B807-404A4AE6AE99}.Release|x86.ActiveCfg = Release|Win32
		{36552365-98D9-4F29-B807-404A4AE6AE99}.Release|x86.Build.0 = Release|Win32
		{939D1715-B5C0-4AE1-8521-3D4ADCE5FD94}.Debug|x64.ActiveCfg = Debug|x64
		{939D1715-B5C0-4AE1-8521-3D4ADCE5FD94}.Debug|x64.Build.0 = Debug|x64
		{939D1715-B5C0-4AE1-8521-3D4ADCE5FD94}.Debug|x86.ActiveCfg = Debug|Win32
		{939D1715-B5C0-4AE1-8521-3D4ADCE5FD94}.Debug|x86.Build.0 = Debug|Win32
		{939D1715-B5C0-4AE1-8521-3D4ADCE5FD94}.Release|x64.ActiveCfg = Release|x64
		{939D1715-B5C0-4AE1-8521-3D4ADCE5FD94}.Release|x64.Build.0 = Release|x64
		{939D1715-B5C0-4AE1-8521-3D4ADCE5FD94}.Release|x86.ActiveCfg = Release|Win32
		{939D1715-B5C0-4AE1-8521-3D4ADCE5FD94}.Release|x86.Build.0 = Release|Win32
		{37B8D4C0-C359-4ACF-97B6-47115E55C634}.Debug|x64.ActiveCfg = Debug|x64
		{37B8D4C0-C359-4ACF-97B6-47115E55C634}.Debug|x64.Build.0 = Debug|x64
		{37B8D4C0-C359-4ACF-97B6-47115E55C634}.Debug|x86.ActiveCfg = Debug|Win32
		{37B8D4C0-C359-4ACF-97B6-47115E55C634}.Debug|x86.Build.0 = Debug|Win32
		{37B8D4C0-C359-4ACF-97B6-47115E55C634}.Release|x64.ActiveCfg = Release|x64
		{37B8D4C0-C359-4ACF-97B6-47115E55C634}.Release|x64.Build.0 = Release|x64
		{37B8D4C0-C359-4ACF-97B6-47115E55C634}.Release|x86.ActiveCfg = Release|Win32
		{37B8D4C0-C359-4ACF-97B6-47115E55C634}.Release|x86.Build.0 = Release|Win32
		{D5067008-6CDF-49AD-819B-90DB03958B67}.Debug|x64.ActiveCfg = Debug|x64
		{D5067008-6CDF-49AD-819B-90DB03958B67}.Debug|x64.Build.0 = Debug|x64
		{D5067008-6CDF-49AD-819B-90DB03958B67}.Debug|x86.ActiveCfg = Debug|Win32
		{D5067008-6CDF-49AD-819B-90DB03958B67}.Debug|x86.Build.0 = Debug|Win32
		{D5067008-6CDF-49AD-819B-90DB03958B67}.Release|x64.ActiveCfg = Release|x64
		{D5067008-6CDF-49AD-819B-90DB03958B67}.Release|x64.Build.0 = Release|x64
		{D5067008-6CDF-49AD-819B-90DB03958B67}.Release|x86.ActiveCfg = Release|Win32
		{D5067008-6CDF-49AD-819B-90DB03958B67}.Release|x86.Build.0 = Release|Win32
		{C0666053-3FF0-4334-8776-3EBB55B8E7E6}.Debug|x64.ActiveCfg = Debug|x64
		{C0666053-3FF0-4334-8776-3EBB55B8E7E6}.Debug|x64.Build.0 = Debug|x64
		{C0666053-3FF0-4334-8776-3EBB55B8E7E6}.Debug|x86.ActiveCfg = Debug|Win32
		{C0666053-3FF0-4334-8776-3EBB55B8E7E6}.Debug|x86.Build.0 = Debug|Win32
		{C0666053-3FF0-4334-8776-3EBB55B8E7E6}.Release|x64.ActiveCfg = Release|x64
		{C0666053-3FF0-4334-8776-3EBB55B8E7E6}.Release|x64.Build.0 = Release|x64
		{C0666053-3FF0-4334-8776-3EBB55B8E7E6}.Release|x86.ActiveCfg = Release|Win32
		{C0666053-3FF0-4334-8776-3EBB55B8E7E6}.Release|x86.Build.0 = Release|Win32
		{57313F59-AB87-4D66-ADFA-EFEF2264256C}.Debug|x64.ActiveCfg = Debug|x64
		{57313F59-AB87-4D66-ADFA-EFEF2264256C}.Debug|x64.Build.0 = Debug|x64
		{57313F59-AB87-4D66-ADFA-EFEF2264256C}.Debug|x86.ActiveCfg = Debug|Win32
		{57313F59-AB87-4D66-ADFA-EFEF2264256C}.Debug|x86.Build.0 = Debug|Win32
		{57313F59-AB87-4D66-ADFA-EFEF2264256C}.Release|x64.ActiveCfg = Release|x64
		{57313F59-AB87-4D66-ADFA-EFEF2264256C}.Release|x64.Build.0 = Release|x64
		{57313F59-AB87-4D66-ADFA-EFEF2264256C}.Release|x86.ActiveCfg = Release|Win32
		{57313F59-AB87-4D66-ADFA-EFEF2264256C}.Release|x86.Build.0 = Release|Win32
		{2C12EC2E-F187-4E24-8EA2-883B7E67A52D}.Debug|x64.ActiveCfg = Debug|x64
		{2C12EC2E-F187-4E24-8EA2-883B7E67A52D}.Debug|x64.Build.0 = Debug|x64
		{2C12EC2E-F187-4E24-8EA2-883B7E67A52D}.Debug|x86.ActiveCfg = Debug|Win32
		{2C12EC2E-F187-4E24-8EA2-883B7E67A52D}.Debug|x86.Build.0 = Debug|Win32
		{2C12EC2E-F187-4E24-8EA2-883B7E67A52D}.Release|x64.ActiveCfg = Release|x64
		{2C12EC2E-F187-4E24-8EA2-883B7E67A52D}.Release|x64.Build.0 = Release|x64
		{2C12EC2E-F187-4E24-8EA2-883B7E67A52D}.Release|x86.ActiveCfg = Release|Win32
		{2C12EC2E-F187-4E24-8EA2-883B7E67A52D}.Release|x86.Build.0 = Release|Win32
		{8DD639B0-046B-4DFD-A596-698F02216893}.Debug|x64.ActiveCfg = Debug|x64
		{8DD639B0-046B-4DFD-A596-698F02216893}.Debug|x86.ActiveCfg = Debug|Win32
		{8DD639B0-046B-4DFD-A596-698F02216893}.Debug|x86.Build.0 = Debug|Win32
		{8DD639B0-046B-4DFD-A596-698F02216893}.Release|x64.ActiveCfg = Release|x64
		{8DD639B0-046B-4DFD-A596-698F02216893}.Release|x64.Build.0 = Release|x64
		{8DD639B0-046B-4DFD-A596-698F02216893}.Release|x86.ActiveCfg = Release|Win32
		{8DD639B0-046B-4DFD-A596-698F02216893}.Release|x86.Build.0 = Release|Win32
		{EA358C95-588A-4200-BD30-055C2D057AA7}.Debug|x64.ActiveCfg = Debug|x64
		{EA358C95-588A-4200-BD30-055C2D057AA7}.Debug|x86.ActiveCfg = Debug|Win32
		{EA358C95-588A-4200-BD30-055C2D057AA7}.Debug|x86.Build.0 = Debug|Win32
		{EA358C95-588A-4200-BD30-055C2D057AA7}.Release|x64.ActiveCfg = Release|x64
		{EA358C95-588A-4200-BD30-055C2D057AA7}.Release|x64.Build.0 = Release|x64
		{EA358C95-588A-4200-BD30-055C2D057AA7}.Release|x86.ActiveCfg = Release|Win32
		{EA358C95-588A-4200-BD30-055C2D057AA7}.Release|x86.Build.0 = Release|Win32
		{B6E1A6C7-CB70-4651-B57E-75D8E9EC15DB}.Debug|x64.ActiveCfg = Debug|x64
		{B6E1A6C7-CB70-4651-B57E-75D8E9EC15DB}.Debug|x64.Build.0 = Debug|x64
		{B6E1A6C7-CB70-4651-B57E-75D8E9EC15DB}.Debug|x86.ActiveCfg = Debug|Win32
		{B6E1A6C7-CB70-4651-B57E-75D8E9EC15DB}.Debug|x86.Build.0 = Debug|Win32
		{B6E1A6C7-CB70-4651-B57E-75D8E9EC15DB}.Release|x64.ActiveCfg = Release|x64
		{B6E1A6C7-CB70-4651-B57E-75D8E9EC15DB}.Release|x64.Build.0 = Release|x64
		{B6E1A6C7-CB70-4651-B57E-75D8E9EC15DB}.Release|x86.ActiveCfg = Release|Win32
		{B6E1A6C7-CB70-4651-B57E-75D8E9EC15DB}.Release|x86.Build.0 = Release|Win32
		{D6A6E2A2-67C7-436C-8DF9-D0947ABC3F08}.Debug|x64.ActiveCfg = Debug|x64
		{D6A6E2A2-67C7-436C-8DF9-D0947ABC3F08}.Debug|x64.Build.0 = Debug|x64
		{D6A6E2A2-67C7-436C-8DF9-D0947ABC3F08}.Debug|x86.ActiveCfg = Debug|Win32
		{D6A6E2A2-67C7-436C-8DF9-D0947ABC3F08}.Debug|x86.Build.0 = Debug|Win32
		{D6A6E2A2-67C7-436C-8DF9-D0947ABC3F08}.Release|x64.ActiveCfg = Release|x64
		{D6A6E2A2-67C7-436C-8DF9-D0947ABC3F08}.Release|x64.Build.0 = Release|x64
		{D6A6E2A2-67C7-436C-8DF9-D0947ABC3F08}.Release|x86.ActiveCfg = Release|Win32
		{D6A6E2A2-67C7-436C-8DF9-D0947ABC3F08}.Release|x86.Build.0 = Release|Win32
		{5FCEE73C-1C37-423E-AA5C-A4F1E06C6D9D}.Debug|x64.ActiveCfg = Debug|x64
		{5FCEE73C-1C37-423E-AA5C-A4F1E06C6D9D}.Debug|x64.Build.0 = Debug|x64
		{5FCEE73C-1C37-423E-AA5C-A4F1E06C6D9D}.Debug|x86.ActiveCfg = Debug|Win32
		{5FCEE73C-1C37-423E-AA5C-A4F1E06C6D9D}.Debug|x86.Build.0 = Debug|Win32
		{5FCEE73C-1C37-423E-AA5C-A4F1E06C6D9D}.Release|x64.ActiveCfg = Release|x64
		{5FCEE73C-1C37-423E-AA5C-A4F1E06C6D9D}.Release|x64.Build.0 = Release|x64
		{5FCEE73C-1C37-423E-AA5C-A4F1E06C6D9D}.Release|x86.ActiveCfg = Release|Win32
		{5FCEE73C-1C37-423E-AA5C-A4F1E06C6D9D}.Release|x86.Build.0 = Release|Win32
		{6E846991-0166-4C74-BD48-55AAAF00A8F7}.Debug|x64.ActiveCfg = Debug|x64
		{6E846991-0166-4C74-BD48-55AAAF00A8F7}.Debug|x64.Build.0 = Debug|x64
		{6E846991-0166-4C74-BD48-55AAAF00A8F7}.Debug|x86.ActiveCfg = Debug|Win32
		{6E846991-0166-4C74-BD48-55AAAF00A8F7}.Debug|x86.Build.0 = Debug|Win32
		{6E846991-0166-4C74-BD48-55AAAF00A8F7}.Release|x64.ActiveCfg = Release|x64
		{6E846991-0166-4C74-BD48-55AAAF00A8F7}.Release|x64.Build.0 = Release|x64
		{6E846991-0166-4C74-BD48-55AAAF00A8F7}.Release|x86.ActiveCfg = Release|Win32
		{6E846991-0166-4C74-BD48-55AAAF00A8F7}.Release|x86.Build.0 = Release|Win32
		{C116BD40-A86D-47CD-BD78-667EB076C479}.Debug|x64.ActiveCfg = Debug|x64
		{C116BD40-A86D-47CD-BD78-667EB076C479}.Debug|x64.Build.0 = Debug|x64
		{C116BD40-A86D-47CD-BD78-667EB076C479}.Debug|x86.ActiveCfg = Debug|Win32
		{C116BD40-A86D-47CD-BD78-667EB076C479}.Debug|x86.Build.0 = Debug|Win32
		{C116BD40-A86D-47CD-BD78-667EB076C479}.Release|x64.ActiveCfg = Release|x64
		{C116BD40-A86D-47CD-BD78-667EB076C479}.Release|x64.Build.0 = Release|x64
		{C116BD40-A86D-47CD-BD78-667EB076C479}.Release|x86.ActiveCfg = Release|Win32
		{C116BD40-A86D-47CD-BD78-667EB076C479}.Release|x86.Build.0 = Release|Win32
		{7B14D296-AB65-4E8E-A094-FBE0CF224FC9}.Debug|x64.ActiveCfg = Debug|x64
		{7B14D296-AB65-4E8E-A094-FBE0CF224FC9}.Debug|x64.Build.0 = Debug|x64
		{7B14D296-AB65-4E8E-A094-FBE0CF224FC9}.Debug|x86.ActiveCfg = Debug|Win32
		{7B14D296-AB65-4E8E-A094-FBE0CF224FC9}.Debug|x86.Build.0 = Debug|Win32
		{7B14D296-AB65-4E8E-A094-FBE0CF224FC9}.Release|x64.ActiveCfg = Release|x64
		{7B14D296-AB65-4E8E-A094-FBE0CF224FC9}.Release|x64.Build.0 = Release|x64
		{7B14D296-AB65-4E8E-A094-FBE0CF224FC9}.Release|x86.ActiveCfg = Release|Win32
		{7B14D296-AB65-4E8E-A094-FBE0CF224FC9}.Release|x86.Build.0 = Release|Win32
		{E72B0183-0C6F-47A6-BC7B-E746A0EB183E}.Debug|x64.ActiveCfg = Debug|x64
		{E72B0183-0C6F-47A6-BC7B-E746A0EB183E}.Debug|x64.Build.0 = Debug|x64
		{E72B0183-0C6F-47A6-BC7B-E746A0EB183E}.Debug|x86.ActiveCfg = Debug|Win32
		{E72B0183-0C6F-47A6-BC7B-E746A0EB183E}.Debug|x86.Build.0 = Debug|Win32
		{E72B0183-0C6F-47A6-BC7B-E746A0EB183E}.Release|x64.ActiveCfg = Release|x64
		{E72B0183-0C6F-47A6-BC7B-E746A0EB183E}.Release|x64.Build.0 = Release|x64
		{E72B0183-0C6F-47A6-BC7B-E746A0EB183E}.Release|x86.ActiveCfg = Release|Win32
		{E72B0183-0C6F-47A6-BC7B-E746A0EB183E}.Release|x86.Build.0 = Release|Win32
		{17D65750-F29D-40BC-87FA-89FC6D6A4A91}.Debug|x64.ActiveCfg = Debug|x64
		{17D65750-F29D-40BC-87FA-89FC6D6A4A91}.Debug|x64.Build.0 = Debug|x64
		{17D65750-F29D-40BC-87FA-89FC6D6A4A91}.Debug|x86.ActiveCfg = Debug|Win32
		{17D65750-F29D-40BC-87FA-89FC6D6A4A91}.Debug|x86.Build.0 = Debug|Win32
		{17D65750-F29D-40BC-87FA-89FC6D6A4A91}.Release|x64.ActiveCfg = Release|x64
		{17D65750-F29D-40BC-87FA-89FC6D6A4A91}.Release|x64.Build.0 = Release|x64
		{17D65750-F29D-40BC-87FA-89FC6D6A4A91}.Release|x86.ActiveCfg = Release|Win32
		{17D65750-F29D-40BC-87FA-89FC6D6A4A91}.Release|x86.Build.0 = Release|Win32
		{DFE25D05-FCB4-402E-A5C5-5470AB87AA63}.Debug|x64.ActiveCfg = Debug|x64
		{DFE25D05-FCB4-402E-A5C5-5470AB87AA63}.Debug|x64.Build.0 = Debug|x64
		{DFE25D05-FCB4-402E-A5C5-5470AB87AA63}.Debug|x86.ActiveCfg = Debug|Win32
		{DFE25D05-FCB4-402E-A5C5-5470AB87AA63}.Debug|x86.Build.0 = Debug|Win32
		{DFE25D05-FCB4-402E-A5C5-5470AB87AA63}.Release|x64.ActiveCfg = Release|x64
		{DFE25D05-FCB4-402E-A5C5-5470AB87AA63}.Release|x64.Build.0 = Release|x64
		{DFE25D05-FCB4-402E-A5C5-5470AB87AA63}.Release|x86.ActiveCfg = Release|Win32
		{DFE25D05-FCB4-402E-A5C5-5470AB87AA63}.Release|x86.Build.0 = Release|Win32
		{7DE11E4F-EFF8-47C3-BA81-3A3B526D066B}.Debug|x64.ActiveCfg = Debug|x64
		{7DE11E4F-EFF8-47C3-BA81-3A3B526D066B}.Debug|x64.Build.0 = Debug|x64
		{7DE11E4F-EFF8-47C3-BA81-3A3B526D066B}.Debug|x86.ActiveCfg = Debug|Win32
		{7DE11E4F-EFF8-47C3-BA81-3A3B526D066B}.Debug|x86.Build.0 = Debug|Win32
		{7DE11E4F-EFF8-47C3-BA81-3A3B526D066B}.Release|x64.ActiveCfg = Release|x64
		{7DE11E4F-EFF8-47C3-BA81-3A3B526D066B}.Release|x64.Build.0 = Release|x64
		{7DE11E4F-EFF8-47C3-BA81-3A3B526D066B}.Release|x86.ActiveCfg = Release|Win32
		{7DE11E4F-EFF8-47C3-BA81-3A3B526D066B}.Release|x86.Build.0 = Release|Win32
		{BE7CF3C1-4201-4877-BC6A-A944322CCCE7}.Debug|x64.ActiveCfg = Debug|x64
		{BE7CF3C1-4201-4877-BC6A-A944322CCCE7}.Debug|x64.Build.0 = Debug|x64
		{BE7CF3C1-4201-4877-BC6A-A944322CCCE7}.Debug|x86.ActiveCfg = Debug|Win32
		{BE7CF3C1-4201-4877-BC6A-A944322CCCE7}.Debug|x86.Build.0 = Debug|Win32
		{BE7CF3C1-4201-4877-BC6A-A944322CCCE7}.Release|x64.ActiveCfg = Release|x64
		{BE7CF3C1-4201-4877-BC6A-A944322CCCE7}.Release|x64.Build.0 = Release|x64
		{BE7CF3C1-4201-4877-BC6A-A944322CCCE7}.Release|x86.ActiveCfg = Release|Win32
		{BE7CF3C1-4201-4877-BC6A-A944322CCCE7}.Release|x86.Build.0 = Release|Win32
		{9F72190C-441D-4CBC-B74F-26DAAC1DB1C5}.Debug|x64.ActiveCfg = Debug|x64
		{9F72190C-441D-4CBC-B74F-26DAAC1DB1C5}.Debug|x64.Build.0 = Debug|x64
		{9F72190C-441D-4CBC-B74F-26DAAC1DB1C5}.Debug|x86.ActiveCfg = Debug|Win32
		{9F72190C-441D-4CBC-B74F-26DAAC1DB1C5}.Debug|x86.Build.0 = Debug|Win32
		{9F72190C-441D-4CBC-B74F-26DAAC1DB1C5}.Release|x64.ActiveCfg = Release|x64
		{9F72190C-441D-4CBC-B74F-26DAAC1DB1C5}.Release|x64.Build.0 = Release|x64
		{9F72190C-441D-4CBC-B74F-26DAAC1DB1C5}.Release|x86.ActiveCfg = Release|Win32
		{9F72190C-441D-4CBC-B74F-26DAAC1DB1C5}.Release|x86.Build.0 = Release|Win32
		{1AB8288E-42A1-4744-90DC-7C1811CAE0FC}.Debug|x64.ActiveCfg = Debug|x64
		{1AB8288E-42A1-4744-90DC-7C1811CAE0FC}.Debug|x64.Build.0 = Debug|x64
		{1AB8288E-42A1-4744-90DC-7C1811CAE0FC}.Debug|x86.ActiveCfg = Debug|Win32
		{1AB8288E-42A1-4744-90DC-7C1811CAE0FC}.Debug|x86.Build.0 = Debug|Win32
		{1AB8288E-42A1-4744-90DC-7C1811CAE0FC}.Release|x64.ActiveCfg = Release|x64
		{1AB8288E-42A1-4744-90DC-7C1811CAE0FC}.Release|x64.Build.0 = Release|x64
		{1AB8288E-42A1-4744-90DC-7C1811CAE0FC}.Release|x86.ActiveCfg = Release|Win32
		{1AB8288E-42A1-4744-90DC-7C1811CAE0FC}.Release|x86.Build.0 = Release|Win32
		{7396206B-6ED5-465D-94D9-3DF476907EF1}.Debug|x64.ActiveCfg = Debug|x64
		{7396206B-6ED5-465D-94D9-3DF476907EF1}.Debug|x64.Build.0 = Debug|x64
		{7396206B-6ED5-465D-94D9-3DF476907EF1}.Debug|x86.ActiveCfg = Debug|Win32
		{7396206B-6ED5-465D-94D9-3DF476907EF1}.Debug|x86.Build.0 = Debug|Win32
		{7396206B-6ED5-465D-94D9-3DF476907EF1}.Release|x64.ActiveCfg = Release|x64
		{7396206B-6ED5-465D-94D9-3DF476907EF1}.Release|x64.Build.0 = Release|x64
		{7396206B-6ED5-465D-94D9-3DF476907EF1}.Release|x86.ActiveCfg = Release|Win32
		{7396206B-6ED5-465D-94D9-3DF476907EF1}.Release|x86.Build.0 = Release|Win32
		{B02C7D91-B62A-4798-BF1E-D4FB6AEE4F78}.Debug|x64.ActiveCfg = Debug|x64
		{B02C7D91-B62A-4798-BF1E-D4FB6AEE4F78}.Debug|x64.Build.0 = Debug|x64
		{B02C7D91-B62A-4798-BF1E-D4FB6AEE4F78}.Debug|x86.ActiveCfg = Debug|Win32
		{B02C7D91-B62A-4798-BF1E-D4FB6AEE4F78}.Debug|x86.Build.0 = Debug|Win32
		{B02C7D91-B62A-4798-BF1E-D4FB6AEE4F78}.Release|x64.ActiveCfg = Release|x64
		{B02C7D91-B62A-4798-BF1E-D4FB6AEE4F78}.Release|x64.Build.0 = Release|x64
		{B02C7D91-B62A-4798-BF1E-D4FB6AEE4F78}.Release|x86.ActiveCfg = Release|Win32
		{B02C7D91-B62A-4798-BF1E-D4FB6AEE4F78}.Release|x86.Build.0 = Release|Win32
		{AC23AD2D-1400-49BC-82DE-A55659AEF50A}.Debug|x64.ActiveCfg = Debug|x64
		{AC23AD2D-1400-49BC-82DE-A55659AEF50A}.Debug|x64.Build.0 = Debug|x64
		{AC23AD2D-1400-49BC-82DE-A55659AEF50A}.Debug|x86.ActiveCfg = Debug|Win32
		{AC23AD2D-1400-49BC-82DE-A55659AEF50A}.Debug|x86.Build.0 = Debug|Win32
		{AC23AD2D-1400-49BC-82DE-A55659AEF50A}.Release|x64.ActiveCfg = Release|x64
		{AC23AD2D-1400-49BC-82DE-A55659AEF50A}.Release|x64.Build.0 = Release|x64
		{AC23AD2D-1400-49BC-82DE-A55659AEF50A}.Release|x86.ActiveCfg = Release|Win32
		{AC23AD2D-1400-49BC-82DE-A55659AEF50A}.Release|x86.Build.0 = Release|Win32
		{BAD271EE-EBB7-4C39-928E-CB93370F733D}.Debug|x64.ActiveCfg = Debug|x64
		{BAD271EE-EBB7-4C39-928E-CB93370F733D}.Debug|x64.Build.0 = Debug|x64
		{BAD271EE-EBB7-4C39-928E-CB93370F733D}.Debug|x86.ActiveCfg = Debug|Win32
		{BAD271EE-EBB7-4C39-928E-CB93370F733D}.Debug|x86.Build.0 = Debug|Win32
		{BAD271EE-EBB7-4C39-928E-CB93370F733D}.Release|x64.ActiveCfg = Release|x64
		{BAD271EE-EBB7-4C39-928E-CB93370F733D}.Release|x64.Build.0 = Release|x64
		{BAD271EE-EBB7-4C39-928E-CB93370F733D}.Release|x86.ActiveCfg = Release|Win32
		{BAD271EE-EBB7-4C39-928E-CB93370F733D}.Release|x86.Build.0 = Release|Win32
		{E52B9274-6779-4477-9636-204FB1D9DBB5}.Debug|x64.ActiveCfg = Debug|x64
		{E52B9274-6779-4477-9636-204FB1D9DBB5}.Debug|x64.Build.0 = Debug|x64
		{E52B9274-6779-4477-9636-204FB1D9DBB5}.Debug|x86.ActiveCfg = Debug|Win32
		{E52B9274-6779-4477-9636-204FB1D9DBB5}.Debug|x86.Build.0 = Debug|Win32
		{E52B9274-6779-4477-9636-204FB1D9DBB5}.Release|x64.ActiveCfg = Release|x64
		{E52B9274-6779-4477-9636-204FB1D9DBB5}.Release|x64.Build.0 = Release|x64
		{E52B9274-6779-4477-9636-204FB1D9DBB5}.Release|x86.ActiveCfg = Release|Win32
		{E52B9274-6779-4477-9636-204FB1D9DBB5}.Release|x86.Build.0 = Release|Win32
		{BB6CAB94-93B8-42B8-BE7F-28790AC4A66B}.Debug|x64.ActiveCfg = Debug|x64
		{BB6CAB94-93B8-42B8-BE7F-28790AC4A66B}.Debug|x64.Build.0 = Debug|x64
		{BB6CAB94-93B8-42B8-BE7F-28790AC4A66B}.Debug|x86.ActiveCfg = Debug|Win32
		{BB6CAB94-93B8-42B8-BE7F-28790AC4A66B}.Debug|x86.Build.0 = Debug|Win32
		{BB6CAB94-93B8-42B8-BE7F-28790AC4A66B}.Release|x64.ActiveCfg = Release|x64
		{BB6CAB94-93B8-42B8-BE7F-28790AC4A66B}.Release|x64.Build.0 = Release|x64
		{BB6CAB94-93B8-42B8-BE7F-28790AC4A66B}.Release|x86.ActiveCfg = Release|Win32
		{BB6CAB94-93B8-42B8-BE7F-28790AC4A66B}.Release|x86.Build.0 = Release|Win32
		{655237A8-22EA-42C9-80E6-3D39CDB74F6B}.Debug|x64.ActiveCfg = Debug|x64
		{655237A8-22EA-42C9-80E6-3D39CDB74F6B}.Debug|x64.Build.0 = Debug|x64
		{655237A8-22EA-42C9-80E6-3D39CDB74F6B}.Debug|x86.ActiveCfg = Debug|Win32
		{655237A8-22EA-42C9-80E6-3D39CDB74F6B}.Debug|x86.Build.0 = Debug|Win32
		{655237A8-22EA-42C9-80E6-3D39CDB74F6B}.Release|x64.ActiveCfg = Release|x64
		{655237A8-22EA-42C9-80E6-3D39CDB74F6B}.Release|x64.Build.0 = Release|x64
		{655237A8-22EA-42C9-80E6-3D39CDB74F6B}.Release|x86.ActiveCfg = Release|Win32
		{655237A8-22EA-42C9-80E6-3D39CDB74F6B}.Release|x86.Build.0 = Release|Win32
		{AAC10032-A40A-4AF7-AD39-168619A4A198}.Debug|x64.ActiveCfg = Debug|x64
		{AAC10032-A40A-4AF7-AD39-168619A4A198}.Debug|x64.Build.0 = Debug|x64
		{AAC10032-A40A-4AF7-AD39-168619A4A198}.Debug|x86.ActiveCfg = Debug|Win32
		{AAC10032-A40A-4AF7-AD39-168619A4A198}.Debug|x86.Build.0 = Debug|Win32
		{AAC10032-A40A-4AF7-AD39-168619A4A198}.Release|x64.ActiveCfg = Release|x64
		{AAC10032-A40A-4AF7-AD39-168619A4A198}.Release|x64.Build.0 = Release|x64
		{AAC10032-A40A-4AF7-AD39-168619A4A198}.Release|x86.ActiveCfg = Release|Win32
		{AAC10032-A40A-4AF7-AD39-168619A4A198}.Release|x86.Build.0 = Release|Win32
		{8A272A6B-6E83-458D-89A6-4A1F423E3FE9}.Debug|x64.ActiveCfg = Debug|x64
		{8A272A6B-6E83-458D-89A6-4A1F423E3FE9}.Debug|x64.Build.0 = Debug|x64
		{8A272A6B-6E83-458D-89A6-4A1F423E3FE9}.Debug|x86.ActiveCfg = Debug|Win32
		{8A272A6B-6E83-458D-89A6-4A1F423E3FE9}.Debug|x86.Build.0 = Debug|Win32
		{8A272A6B-6E83-458D-89A6-4A1F423E3FE9}.Release|x64.ActiveCfg = Release|x64
		{8A272A6B-6E83-458D-89A6-4A1F423E3FE9}.Release|x64.Build.0 = Release|x64
		{8A272A6B-6E83-458D-89A6-4A1F423E3FE9}.Release|x86.ActiveCfg = Release|Win32
		{8A272A6B-6E83-458D-89A6-4A1F423E3FE9}.Release|x86.Build.0 = Release|Win32
		{6223B123-BBE1-4958-9781-9182E686D0D7}.Debug|x64.ActiveCfg = Debug|x64
		{6223B123-BBE1-4958-9781-9182E686D0D7}.Debug|x64.Build.0 = Debug|x64
		{6223B123-BBE1-4958-9781-9182E686D0D7}.Debug|x86.ActiveCfg = Debug|Win32
		{6223B123-BBE1-4958-9781-9182E686D0D7}.Debug|x86.Build.0 = Debug|Win32
		{6223B123-BBE1-4958-9781-9182E686D0D7}.Release|x64.ActiveCfg = Release|x64
		{6223B123-BBE1-4958-9781-9182E686D0D7}.Release|x64.Build.0 = Release|x64
		{6223B123-BBE1-4958-9781-9182E686D0D7}.Release|x86.ActiveCfg = Release|Win32
		{6223B123-BBE1-4958-9781-9182E686D0D7}.Release|x86.Build.0 = Release|Win32
		{22E05E99-5782-47E8-887E-2FD8E9E8E95A}.Debug|x64.ActiveCfg = Debug|x64
		{22E05E99-5782-47E8-887E-2FD8E9E8E95A}.Debug|x64.Build.0 = Debug|x64
		{22E05E99-5782-47E8-887E-2FD8E9E8E95A}.Debug|x86.ActiveCfg = Debug|Win32
		{22E05E99-5782-47E8-887E-2FD8E9E8E95A}.Debug|x86.Build.0 = Debug|Win32
		{22E05E99-5782-47E8-887E-2FD8E9E8E95A}.Release|x64.ActiveCfg = Release|x64
		{22E05E99-5782-47E8-887E-2FD8E9E8E95A}.Release|x64.Build.0 = Release|x64
		{22E05E99-5782-47E8-887E-2FD8E9E8E95A}.Release|x86.ActiveCfg = Release|Win32
		{22E05E99-5782-47E8-887E-2FD8E9E8E95A}.Release|x86.Build.0 = Release|Win32
	EndGlobalSection
	GlobalSection(SolutionProperties) = preSolution
		HideSolutionNode = FALSE
	EndGlobalSection
	GlobalSection(ExtensibilityGlobals) = postSolution
		SolutionGuid = {3691B345-D2AD-45CA-8C0F-53F6210C9B96}
	EndGlobalSection
EndGlobal
